{
  "name": "SoloMess",
  "requires": true,
  "lockfileVersion": 1,
  "dependencies": {
    "tinymce": {
      "version": "4.7.5",
      "resolved": "https://registry.npmjs.org/tinymce/-/tinymce-4.7.5.tgz",
      "integrity": "sha512-DowTLjPyQDUWNowB3w+G9FFa29mftqMggYTobP5uWFURS/g0FEjHDzuA5LLFN19ErzjN2f10ybEEsNuyoJ27lQ=="
    }
  }
}
